
Microsoft Visual Studio Solution File, Format Version 12.00
# Visual Studio Version 17
VisualStudioVersion = 17.0.31912.275
MinimumVisualStudioVersion = 10.0.40219.1
Project("{9A19103F-16F7-4668-BE54-9A1E7A4F7556}") = "AdventOfCode", "AdventOfCode\AdventOfCode.csproj", "{48191477-F8AB-40D6-8A5D-4BF40C51D5D4}"
EndProject
Project("{2150E333-8FDC-42A3-9474-1A3956D46DE8}") = "Solution Items", "Solution Items", "{BD4A76C0-186C-4DF5-BD2B-E4A1CE21FDD2}"
	ProjectSection(SolutionItems) = preProject
		..\..\..\Desktop\googleb703e3d7d9b4ac34.html = ..\..\..\Desktop\googleb703e3d7d9b4ac34.html
		Old.cs = Old.cs
	EndProjectSection
EndProject
Global
	GlobalSection(SolutionConfigurationPlatforms) = preSolution
		Debug|Any CPU = Debug|Any CPU
		Release|Any CPU = Release|Any CPU
	EndGlobalSection
	GlobalSection(ProjectConfigurationPlatforms) = postSolution
		{48191477-F8AB-40D6-8A5D-4BF40C51D5D4}.Debug|Any CPU.ActiveCfg = Debug|Any CPU
		{48191477-F8AB-40D6-8A5D-4BF40C51D5D4}.Debug|Any CPU.Build.0 = Debug|Any CPU
		{48191477-F8AB-40D6-8A5D-4BF40C51D5D4}.Release|Any CPU.ActiveCfg = Release|Any CPU
		{48191477-F8AB-40D6-8A5D-4BF40C51D5D4}.Release|Any CPU.Build.0 = Release|Any CPU
	EndGlobalSection
	GlobalSection(SolutionProperties) = preSolution
		HideSolutionNode = FALSE
	EndGlobalSection
	GlobalSection(ExtensibilityGlobals) = postSolution
		SolutionGuid = {1FB02A0A-31F6-4627-A306-DBB49EAA4482}
	EndGlobalSection
EndGlobal
